// !$*UTF8*$!
{
	archiveVersion = 1;
	classes = {
	};
	objectVersion = 50;
	objects = {

/* Begin PBXBuildFile section */
		2395D86D2FB00983E791693D /* libPods-testRro.a in Frameworks */ = {isa = PBXBuildFile; fileRef = 4DA3DB1B8FC410776A9A31D7 /* libPods-testRro.a */; };
		2DCE99A0A359B87941FD7E20 /* libPods-testRroUITests.a in Frameworks */ = {isa = PBXBuildFile; fileRef = 35D54A4D1FDC25018B590D70 /* libPods-testRroUITests.a */; };
		A2FA39B321E6EDC500360258 /* AppDelegate.m in Sources */ = {isa = PBXBuildFile; fileRef = A2FA39B221E6EDC500360258 /* AppDelegate.m */; };
		A2FA39B621E6EDC500360258 /* ViewController.m in Sources */ = {isa = PBXBuildFile; fileRef = A2FA39B521E6EDC500360258 /* ViewController.m */; };
		A2FA39B921E6EDC500360258 /* Main.storyboard in Resources */ = {isa = PBXBuildFile; fileRef = A2FA39B721E6EDC500360258 /* Main.storyboard */; };
		A2FA39BB21E6EDC600360258 /* Assets.xcassets in Resources */ = {isa = PBXBuildFile; fileRef = A2FA39BA21E6EDC600360258 /* Assets.xcassets */; };
		A2FA39BE21E6EDC600360258 /* LaunchScreen.storyboard in Resources */ = {isa = PBXBuildFile; fileRef = A2FA39BC21E6EDC600360258 /* LaunchScreen.storyboard */; };
		A2FA39C121E6EDC600360258 /* main.m in Sources */ = {isa = PBXBuildFile; fileRef = A2FA39C021E6EDC600360258 /* main.m */; };
		A2FA39CB21E6EDC600360258 /* testRroTests.m in Sources */ = {isa = PBXBuildFile; fileRef = A2FA39CA21E6EDC600360258 /* testRroTests.m */; };
		A2FA39D621E6EDC600360258 /* testRroUITests.m in Sources */ = {isa = PBXBuildFile; fileRef = A2FA39D521E6EDC600360258 /* testRroUITests.m */; };
		C59C229C931578306E2FC867 /* libPods-testRroTests.a in Frameworks */ = {isa = PBXBuildFile; fileRef = E6EC566BE1570B738307BD8A /* libPods-testRroTests.a */; };
/* End PBXBuildFile section */

/* Begin PBXContainerItemProxy section */
		A2FA39C721E6EDC600360258 /* PBXContainerItemProxy */ = {
			isa = PBXContainerItemProxy;
			containerPortal = A2FA39A621E6EDC500360258 /* Project object */;
			proxyType = 1;
			remoteGlobalIDString = A2FA39AD21E6EDC500360258;
			remoteInfo = testRro;
		};
		A2FA39D221E6EDC600360258 /* PBXContainerItemProxy */ = {
			isa = PBXContainerItemProxy;
			containerPortal = A2FA39A621E6EDC500360258 /* Project object */;
			proxyType = 1;
			remoteGlobalIDString = A2FA39AD21E6EDC500360258;
			remoteInfo = testRro;
		};
/* End PBXContainerItemProxy section */

/* Begin PBXFileReference section */
		1349B4BB0B0C1BAE3CC417D0 /* Pods-testRro.debug.xcconfig */ = {isa = PBXFileReference; includeInIndex = 1; lastKnownFileType = text.xcconfig; name = "Pods-testRro.debug.xcconfig"; path = "Pods/Target Support Files/Pods-testRro/Pods-testRro.debug.xcconfig"; sourceTree = "<group>"; };
		35D54A4D1FDC25018B590D70 /* libPods-testRroUITests.a */ = {isa = PBXFileReference; explicitFileType = archive.ar; includeInIndex = 0; path = "libPods-testRroUITests.a"; sourceTree = BUILT_PRODUCTS_DIR; };
		48DFB357AE36106082BB9DBF /* Pods-testRroUITests.debug.xcconfig */ = {isa = PBXFileReference; includeInIndex = 1; lastKnownFileType = text.xcconfig; name = "Pods-testRroUITests.debug.xcconfig"; path = "Pods/Target Support Files/Pods-testRroUITests/Pods-testRroUITests.debug.xcconfig"; sourceTree = "<group>"; };
		4DA3DB1B8FC410776A9A31D7 /* libPods-testRro.a */ = {isa = PBXFileReference; explicitFileType = archive.ar; includeInIndex = 0; path = "libPods-testRro.a"; sourceTree = BUILT_PRODUCTS_DIR; };
		A2FA39AE21E6EDC500360258 /* testRro.app */ = {isa = PBXFileReference; explicitFileType = wrapper.application; includeInIndex = 0; path = testRro.app; sourceTree = BUILT_PRODUCTS_DIR; };
		A2FA39B121E6EDC500360258 /* AppDelegate.h */ = {isa = PBXFileReference; lastKnownFileType = sourcecode.c.h; path = AppDelegate.h; sourceTree = "<group>"; };
		A2FA39B221E6EDC500360258 /* AppDelegate.m */ = {isa = PBXFileReference; lastKnownFileType = sourcecode.c.objc; path = AppDelegate.m; sourceTree = "<group>"; };
		A2FA39B421E6EDC500360258 /* ViewController.h */ = {isa = PBXFileReference; lastKnownFileType = sourcecode.c.h; path = ViewController.h; sourceTree = "<group>"; };
		A2FA39B521E6EDC500360258 /* ViewController.m */ = {isa = PBXFileReference; lastKnownFileType = sourcecode.c.objc; path = ViewController.m; sourceTree = "<group>"; };
		A2FA39B821E6EDC500360258 /* Base */ = {isa = PBXFileReference; lastKnownFileType = file.storyboard; name = Base; path = Base.lproj/Main.storyboard; sourceTree = "<group>"; };
		A2FA39BA21E6EDC600360258 /* Assets.xcassets */ = {isa = PBXFileReference; lastKnownFileType = folder.assetcatalog; path = Assets.xcassets; sourceTree = "<group>"; };
		A2FA39BD21E6EDC600360258 /* Base */ = {isa = PBXFileReference; lastKnownFileType = file.storyboard; name = Base; path = Base.lproj/LaunchScreen.storyboard; sourceTree = "<group>"; };
		A2FA39BF21E6EDC600360258 /* Info.plist */ = {isa = PBXFileReference; lastKnownFileType = text.plist.xml; path = Info.plist; sourceTree = "<group>"; };
		A2FA39C021E6EDC600360258 /* main.m */ = {isa = PBXFileReference; lastKnownFileType = sourcecode.c.objc; path = main.m; sourceTree = "<group>"; };
		A2FA39C621E6EDC600360258 /* testRroTests.xctest */ = {isa = PBXFileReference; explicitFileType = wrapper.cfbundle; includeInIndex = 0; path = testRroTests.xctest; sourceTree = BUILT_PRODUCTS_DIR; };
		A2FA39CA21E6EDC600360258 /* testRroTests.m */ = {isa = PBXFileReference; lastKnownFileType = sourcecode.c.objc; path = testRroTests.m; sourceTree = "<group>"; };
		A2FA39CC21E6EDC600360258 /* Info.plist */ = {isa = PBXFileReference; lastKnownFileType = text.plist.xml; path = Info.plist; sourceTree = "<group>"; };
		A2FA39D121E6EDC600360258 /* testRroUITests.xctest */ = {isa = PBXFileReference; explicitFileType = wrapper.cfbundle; includeInIndex = 0; path = testRroUITests.xctest; sourceTree = BUILT_PRODUCTS_DIR; };
		A2FA39D521E6EDC600360258 /* testRroUITests.m */ = {isa = PBXFileReference; lastKnownFileType = sourcecode.c.objc; path = testRroUITests.m; sourceTree = "<group>"; };
		A2FA39D721E6EDC600360258 /* Info.plist */ = {isa = PBXFileReference; lastKnownFileType = text.plist.xml; path = Info.plist; sourceTree = "<group>"; };
		BBAF21E8644AF9F602E0F788 /* Pods-testRroTests.debug.xcconfig */ = {isa = PBXFileReference; includeInIndex = 1; lastKnownFileType = text.xcconfig; name = "Pods-testRroTests.debug.xcconfig"; path = "Pods/Target Support Files/Pods-testRroTests/Pods-testRroTests.debug.xcconfig"; sourceTree = "<group>"; };
		BC7807CBB61E8A03EBABC14C /* Pods-testRroUITests.release.xcconfig */ = {isa = PBXFileReference; includeInIndex = 1; lastKnownFileType = text.xcconfig; name = "Pods-testRroUITests.release.xcconfig"; path = "Pods/Target Support Files/Pods-testRroUITests/Pods-testRroUITests.release.xcconfig"; sourceTree = "<group>"; };
		E6C3741B8B7E29002EE48E18 /* Pods-testRroTests.release.xcconfig */ = {isa = PBXFileReference; includeInIndex = 1; lastKnownFileType = text.xcconfig; name = "Pods-testRroTests.release.xcconfig"; path = "Pods/Target Support Files/Pods-testRroTests/Pods-testRroTests.release.xcconfig"; sourceTree = "<group>"; };
		E6EC566BE1570B738307BD8A /* libPods-testRroTests.a */ = {isa = PBXFileReference; explicitFileType = archive.ar; includeInIndex = 0; path = "libPods-testRroTests.a"; sourceTree = BUILT_PRODUCTS_DIR; };
		EC905903E835B2D060ACB307 /* Pods-testRro.release.xcconfig */ = {isa = PBXFileReference; includeInIndex = 1; lastKnownFileType = text.xcconfig; name = "Pods-testRro.release.xcconfig"; path = "Pods/Target Support Files/Pods-testRro/Pods-testRro.release.xcconfig"; sourceTree = "<group>"; };
/* End PBXFileReference section */

/* Begin PBXFrameworksBuildPhase section */
		A2FA39AB21E6EDC500360258 /* Frameworks */ = {
			isa = PBXFrameworksBuildPhase;
			buildActionMask = 2147483647;
			files = (
				2395D86D2FB00983E791693D /* libPods-testRro.a in Frameworks */,
			);
			runOnlyForDeploymentPostprocessing = 0;
		};
		A2FA39C321E6EDC600360258 /* Frameworks */ = {
			isa = PBXFrameworksBuildPhase;
			buildActionMask = 2147483647;
			files = (
				C59C229C931578306E2FC867 /* libPods-testRroTests.a in Frameworks */,
			);
			runOnlyForDeploymentPostprocessing = 0;
		};
		A2FA39CE21E6EDC600360258 /* Frameworks */ = {
			isa = PBXFrameworksBuildPhase;
			buildActionMask = 2147483647;
			files = (
				2DCE99A0A359B87941FD7E20 /* libPods-testRroUITests.a in Frameworks */,
			);
			runOnlyForDeploymentPostprocessing = 0;
		};
/* End PBXFrameworksBuildPhase section */

/* Begin PBXGroup section */
		5AB8A4B0074C759C211D16A7 /* Frameworks */ = {
			isa = PBXGroup;
			children = (
				4DA3DB1B8FC410776A9A31D7 /* libPods-testRro.a */,
				E6EC566BE1570B738307BD8A /* libPods-testRroTests.a */,
				35D54A4D1FDC25018B590D70 /* libPods-testRroUITests.a */,
			);
			name = Frameworks;
			sourceTree = "<group>";
		};
		A2FA39A521E6EDC500360258 = {
			isa = PBXGroup;
			children = (
				A2FA39B021E6EDC500360258 /* testRro */,
				A2FA39C921E6EDC600360258 /* testRroTests */,
				A2FA39D421E6EDC600360258 /* testRroUITests */,
				A2FA39AF21E6EDC500360258 /* Products */,
				DE95A9191081826A5BA18D7D /* Pods */,
				5AB8A4B0074C759C211D16A7 /* Frameworks */,
			);
			sourceTree = "<group>";
		};
		A2FA39AF21E6EDC500360258 /* Products */ = {
			isa = PBXGroup;
			children = (
				A2FA39AE21E6EDC500360258 /* testRro.app */,
				A2FA39C621E6EDC600360258 /* testRroTests.xctest */,
				A2FA39D121E6EDC600360258 /* testRroUITests.xctest */,
			);
			name = Products;
			sourceTree = "<group>";
		};
		A2FA39B021E6EDC500360258 /* testRro */ = {
			isa = PBXGroup;
			children = (
				A2FA39B121E6EDC500360258 /* AppDelegate.h */,
				A2FA39B221E6EDC500360258 /* AppDelegate.m */,
				A2FA39B421E6EDC500360258 /* ViewController.h */,
				A2FA39B521E6EDC500360258 /* ViewController.m */,
				A2FA39B721E6EDC500360258 /* Main.storyboard */,
				A2FA39BA21E6EDC600360258 /* Assets.xcassets */,
				A2FA39BC21E6EDC600360258 /* LaunchScreen.storyboard */,
				A2FA39BF21E6EDC600360258 /* Info.plist */,
				A2FA39C021E6EDC600360258 /* main.m */,
			);
			path = testRro;
			sourceTree = "<group>";
		};
		A2FA39C921E6EDC600360258 /* testRroTests */ = {
			isa = PBXGroup;
			children = (
				A2FA39CA21E6EDC600360258 /* testRroTests.m */,
				A2FA39CC21E6EDC600360258 /* Info.plist */,
			);
			path = testRroTests;
			sourceTree = "<group>";
		};
		A2FA39D421E6EDC600360258 /* testRroUITests */ = {
			isa = PBXGroup;
			children = (
				A2FA39D521E6EDC600360258 /* testRroUITests.m */,
				A2FA39D721E6EDC600360258 /* Info.plist */,
			);
			path = testRroUITests;
			sourceTree = "<group>";
		};
		DE95A9191081826A5BA18D7D /* Pods */ = {
			isa = PBXGroup;
			children = (
				1349B4BB0B0C1BAE3CC417D0 /* Pods-testRro.debug.xcconfig */,
				EC905903E835B2D060ACB307 /* Pods-testRro.release.xcconfig */,
				BBAF21E8644AF9F602E0F788 /* Pods-testRroTests.debug.xcconfig */,
				E6C3741B8B7E29002EE48E18 /* Pods-testRroTests.release.xcconfig */,
				48DFB357AE36106082BB9DBF /* Pods-testRroUITests.debug.xcconfig */,
				BC7807CBB61E8A03EBABC14C /* Pods-testRroUITests.release.xcconfig */,
			);
			name = Pods;
			sourceTree = "<group>";
		};
/* End PBXGroup section */

/* Begin PBXNativeTarget section */
		A2FA39AD21E6EDC500360258 /* testRro */ = {
			isa = PBXNativeTarget;
			buildConfigurationList = A2FA39DA21E6EDC600360258 /* Build configuration list for PBXNativeTarget "testRro" */;
			buildPhases = (
				6E1D503FC9CE18B57F0B422C /* [CP] Check Pods Manifest.lock */,
				A2FA39AA21E6EDC500360258 /* Sources */,
				A2FA39AB21E6EDC500360258 /* Frameworks */,
				A2FA39AC21E6EDC500360258 /* Resources */,
			);
			buildRules = (
			);
			dependencies = (
			);
			name = testRro;
			productName = testRro;
			productReference = A2FA39AE21E6EDC500360258 /* testRro.app */;
			productType = "com.apple.product-type.application";
		};
		A2FA39C521E6EDC600360258 /* testRroTests */ = {
			isa = PBXNativeTarget;
			buildConfigurationList = A2FA39DD21E6EDC600360258 /* Build configuration list for PBXNativeTarget "testRroTests" */;
			buildPhases = (
				FE7D5EDEF3F4485DCCDDAE45 /* [CP] Check Pods Manifest.lock */,
				A2FA39C221E6EDC600360258 /* Sources */,
				A2FA39C321E6EDC600360258 /* Frameworks */,
				A2FA39C421E6EDC600360258 /* Resources */,
			);
			buildRules = (
			);
			dependencies = (
				A2FA39C821E6EDC600360258 /* PBXTargetDependency */,
			);
			name = testRroTests;
			productName = testRroTests;
			productReference = A2FA39C621E6EDC600360258 /* testRroTests.xctest */;
			productType = "com.apple.product-type.bundle.unit-test";
		};
		A2FA39D021E6EDC600360258 /* testRroUITests */ = {
			isa = PBXNativeTarget;
			buildConfigurationList = A2FA39E021E6EDC600360258 /* Build configuration list for PBXNativeTarget "testRroUITests" */;
			buildPhases = (
				55E87774F6C185B3919E52CA /* [CP] Check Pods Manifest.lock */,
				A2FA39CD21E6EDC600360258 /* Sources */,
				A2FA39CE21E6EDC600360258 /* Frameworks */,
				A2FA39CF21E6EDC600360258 /* Resources */,
			);
			buildRules = (
			);
			dependencies = (
				A2FA39D321E6EDC600360258 /* PBXTargetDependency */,
			);
			name = testRroUITests;
			productName = testRroUITests;
			productReference = A2FA39D121E6EDC600360258 /* testRroUITests.xctest */;
			productType = "com.apple.product-type.bundle.ui-testing";
		};
/* End PBXNativeTarget section */

/* Begin PBXProject section */
		A2FA39A621E6EDC500360258 /* Project object */ = {
			isa = PBXProject;
			attributes = {
				LastUpgradeCheck = 1010;
				ORGANIZATIONNAME = longshao;
				TargetAttributes = {
					A2FA39AD21E6EDC500360258 = {
						CreatedOnToolsVersion = 10.1;
					};
					A2FA39C521E6EDC600360258 = {
						CreatedOnToolsVersion = 10.1;
						TestTargetID = A2FA39AD21E6EDC500360258;
					};
					A2FA39D021E6EDC600360258 = {
						CreatedOnToolsVersion = 10.1;
						TestTargetID = A2FA39AD21E6EDC500360258;
					};
				};
			};
			buildConfigurationList = A2FA39A921E6EDC500360258 /* Build configuration list for PBXProject "testRro" */;
			compatibilityVersion = "Xcode 9.3";
			developmentRegion = en;
			hasScannedForEncodings = 0;
			knownRegions = (
				en,
				Base,
			);
			mainGroup = A2FA39A521E6EDC500360258;
			productRefGroup = A2FA39AF21E6EDC500360258 /* Products */;
			projectDirPath = "";
			projectRoot = "";
			targets = (
				A2FA39AD21E6EDC500360258 /* testRro */,
				A2FA39C521E6EDC600360258 /* testRroTests */,
				A2FA39D021E6EDC600360258 /* testRroUITests */,
			);
		};
/* End PBXProject section */

/* Begin PBXResourcesBuildPhase section */
		A2FA39AC21E6EDC500360258 /* Resources */ = {
			isa = PBXResourcesBuildPhase;
			buildActionMask = 2147483647;
			files = (
				A2FA39BE21E6EDC600360258 /* LaunchScreen.storyboard in Resources */,
				A2FA39BB21E6EDC600360258 /* Assets.xcassets in Resources */,
				A2FA39B921E6EDC500360258 /* Main.storyboard in Resources */,
			);
			runOnlyForDeploymentPostprocessing = 0;
		};
		A2FA39C421E6EDC600360258 /* Resources */ = {
			isa = PBXResourcesBuildPhase;
			buildActionMask = 2147483647;
			files = (
			);
			runOnlyForDeploymentPostprocessing = 0;
		};
		A2FA39CF21E6EDC600360258 /* Resources */ = {
			isa = PBXResourcesBuildPhase;
			buildActionMask = 2147483647;
			files = (
			);
			runOnlyForDeploymentPostprocessing = 0;
		};
/* End PBXResourcesBuildPhase section */

/* Begin PBXShellScriptBuildPhase section */
		55E87774F6C185B3919E52CA /* [CP] Check Pods Manifest.lock */ = {
			isa = PBXShellScriptBuildPhase;
			buildActionMask = 2147483647;
			files = (
			);
			inputFileListPaths = (
			);
			inputPaths = (
				"${PODS_PODFILE_DIR_PATH}/Podfile.lock",
				"${PODS_ROOT}/Manifest.lock",
			);
			name = "[CP] Check Pods Manifest.lock";
			outputFileListPaths = (
			);
			outputPaths = (
				"$(DERIVED_FILE_DIR)/Pods-testRroUITests-checkManifestLockResult.txt",
			);
			runOnlyForDeploymentPostprocessing = 0;
			shellPath = /bin/sh;
			shellScript = "diff \"${PODS_PODFILE_DIR_PATH}/Podfile.lock\" \"${PODS_ROOT}/Manifest.lock\" > /dev/null\nif [ $? != 0 ] ; then\n    # print error to STDERR\n    echo \"error: The sandbox is not in sync with the Podfile.lock. Run 'pod install' or update your CocoaPods installation.\" >&2\n    exit 1\nfi\n# This output is used by Xcode 'outputs' to avoid re-running this script phase.\necho \"SUCCESS\" > \"${SCRIPT_OUTPUT_FILE_0}\"\n";
			showEnvVarsInLog = 0;
		};
		6E1D503FC9CE18B57F0B422C /* [CP] Check Pods Manifest.lock */ = {
			isa = PBXShellScriptBuildPhase;
			buildActionMask = 2147483647;
			files = (
			);
			inputFileListPaths = (
			);
			inputPaths = (
				"${PODS_PODFILE_DIR_PATH}/Podfile.lock",
				"${PODS_ROOT}/Manifest.lock",
			);
			name = "[CP] Check Pods Manifest.lock";
			outputFileListPaths = (
			);
			outputPaths = (
				"$(DERIVED_FILE_DIR)/Pods-testRro-checkManifestLockResult.txt",
			);
			runOnlyForDeploymentPostprocessing = 0;
			shellPath = /bin/sh;
			shellScript = "diff \"${PODS_PODFILE_DIR_PATH}/Podfile.lock\" \"${PODS_ROOT}/Manifest.lock\" > /dev/null\nif [ $? != 0 ] ; then\n    # print error to STDERR\n    echo \"error: The sandbox is not in sync with the Podfile.lock. Run 'pod install' or update your CocoaPods installation.\" >&2\n    exit 1\nfi\n# This output is used by Xcode 'outputs' to avoid re-running this script phase.\necho \"SUCCESS\" > \"${SCRIPT_OUTPUT_FILE_0}\"\n";
			showEnvVarsInLog = 0;
		};
		FE7D5EDEF3F4485DCCDDAE45 /* [CP] Check Pods Manifest.lock */ = {
			isa = PBXShellScriptBuildPhase;
			buildActionMask = 2147483647;
			files = (
			);
			inputFileListPaths = (
			);
			inputPaths = (
				"${PODS_PODFILE_DIR_PATH}/Podfile.lock",
				"${PODS_ROOT}/Manifest.lock",
			);
			name = "[CP] Check Pods Manifest.lock";
			outputFileListPaths = (
			);
			outputPaths = (
				"$(DERIVED_FILE_DIR)/Pods-testRroTests-checkManifestLockResult.txt",
			);
			runOnlyForDeploymentPostprocessing = 0;
			shellPath = /bin/sh;
			shellScript = "diff \"${PODS_PODFILE_DIR_PATH}/Podfile.lock\" \"${PODS_ROOT}/Manifest.lock\" > /dev/null\nif [ $? != 0 ] ; then\n    # print error to STDERR\n    echo \"error: The sandbox is not in sync with the Podfile.lock. Run 'pod install' or update your CocoaPods installation.\" >&2\n    exit 1\nfi\n# This output is used by Xcode 'outputs' to avoid re-running this script phase.\necho \"SUCCESS\" > \"${SCRIPT_OUTPUT_FILE_0}\"\n";
			showEnvVarsInLog = 0;
		};
/* End PBXShellScriptBuildPhase section */

/* Begin PBXSourcesBuildPhase section */
		A2FA39AA21E6EDC500360258 /* Sources */ = {
			isa = PBXSourcesBuildPhase;
			buildActionMask = 2147483647;
			files = (
				A2FA39B621E6EDC500360258 /* ViewController.m in Sources */,
				A2FA39C121E6EDC600360258 /* main.m in Sources */,
				A2FA39B321E6EDC500360258 /* AppDelegate.m in Sources */,
			);
			runOnlyForDeploymentPostprocessing = 0;
		};
		A2FA39C221E6EDC600360258 /* Sources */ = {
			isa = PBXSourcesBuildPhase;
			buildActionMask = 2147483647;
			files = (
				A2FA39CB21E6EDC600360258 /* testRroTests.m in Sources */,
			);
			runOnlyForDeploymentPostprocessing = 0;
		};
		A2FA39CD21E6EDC600360258 /* Sources */ = {
			isa = PBXSourcesBuildPhase;
			buildActionMask = 2147483647;
			files = (
				A2FA39D621E6EDC600360258 /* testRroUITests.m in Sources */,
			);
			runOnlyForDeploymentPostprocessing = 0;
		};
/* End PBXSourcesBuildPhase section */

/* Begin PBXTargetDependency section */
		A2FA39C821E6EDC600360258 /* PBXTargetDependency */ = {
			isa = PBXTargetDependency;
			target = A2FA39AD21E6EDC500360258 /* testRro */;
			targetProxy = A2FA39C721E6EDC600360258 /* PBXContainerItemProxy */;
		};
		A2FA39D321E6EDC600360258 /* PBXTargetDependency */ = {
			isa = PBXTargetDependency;
			target = A2FA39AD21E6EDC500360258 /* testRro */;
			targetProxy = A2FA39D221E6EDC600360258 /* PBXContainerItemProxy */;
		};
/* End PBXTargetDependency section */

/* Begin PBXVariantGroup section */
		A2FA39B721E6EDC500360258 /* Main.storyboard */ = {
			isa = PBXVariantGroup;
			children = (
				A2FA39B821E6EDC500360258 /* Base */,
			);
			name = Main.storyboard;
			sourceTree = "<group>";
		};
		A2FA39BC21E6EDC600360258 /* LaunchScreen.storyboard */ = {
			isa = PBXVariantGroup;
			children = (
				A2FA39BD21E6EDC600360258 /* Base */,
			);
			name = LaunchScreen.storyboard;
			sourceTree = "<group>";
		};
/* End PBXVariantGroup section */

/* Begin XCBuildConfiguration section */
		A2FA39D821E6EDC600360258 /* Debug */ = {
			isa = XCBuildConfiguration;
			buildSettings = {
				ALWAYS_SEARCH_USER_PATHS = NO;
				CLANG_ANALYZER_NONNULL = YES;
				CLANG_ANALYZER_NUMBER_OBJECT_CONVERSION = YES_AGGRESSIVE;
				CLANG_CXX_LANGUAGE_STANDARD = "gnu++14";
				CLANG_CXX_LIBRARY = "libc++";
				CLANG_ENABLE_MODULES = YES;
				CLANG_ENABLE_OBJC_ARC = YES;
				CLANG_ENABLE_OBJC_WEAK = YES;
				CLANG_WARN_BLOCK_CAPTURE_AUTORELEASING = YES;
				CLANG_WARN_BOOL_CONVERSION = YES;
				CLANG_WARN_COMMA = YES;
				CLANG_WARN_CONSTANT_CONVERSION = YES;
				CLANG_WARN_DEPRECATED_OBJC_IMPLEMENTATIONS = YES;
				CLANG_WARN_DIRECT_OBJC_ISA_USAGE = YES_ERROR;
				CLANG_WARN_DOCUMENTATION_COMMENTS = YES;
				CLANG_WARN_EMPTY_BODY = YES;
				CLANG_WARN_ENUM_CONVERSION = YES;
				CLANG_WARN_INFINITE_RECURSION = YES;
				CLANG_WARN_INT_CONVERSION = YES;
				CLANG_WARN_NON_LITERAL_NULL_CONVERSION = YES;
				CLANG_WARN_OBJC_IMPLICIT_RETAIN_SELF = YES;
				CLANG_WARN_OBJC_LITERAL_CONVERSION = YES;
				CLANG_WARN_OBJC_ROOT_CLASS = YES_ERROR;
				CLANG_WARN_RANGE_LOOP_ANALYSIS = YES;
				CLANG_WARN_STRICT_PROTOTYPES = YES;
				CLANG_WARN_SUSPICIOUS_MOVE = YES;
				CLANG_WARN_UNGUARDED_AVAILABILITY = YES_AGGRESSIVE;
				CLANG_WARN_UNREACHABLE_CODE = YES;
				CLANG_WARN__DUPLICATE_METHOD_MATCH = YES;
				CODE_SIGN_IDENTITY = "iPhone Developer";
				COPY_PHASE_STRIP = NO;
				DEBUG_INFORMATION_FORMAT = dwarf;
				ENABLE_STRICT_OBJC_MSGSEND = YES;
				ENABLE_TESTABILITY = YES;
				GCC_C_LANGUAGE_STANDARD = gnu11;
				GCC_DYNAMIC_NO_PIC = NO;
				GCC_NO_COMMON_BLOCKS = YES;
				GCC_OPTIMIZATION_LEVEL = 0;
				GCC_PREPROCESSOR_DEFINITIONS = (
					"DEBUG=1",
					"$(inherited)",
				);
				GCC_WARN_64_TO_32_BIT_CONVERSION = YES;
				GCC_WARN_ABOUT_RETURN_TYPE = YES_ERROR;
				GCC_WARN_UNDECLARED_SELECTOR = YES;
				GCC_WARN_UNINITIALIZED_AUTOS = YES_AGGRESSIVE;
				GCC_WARN_UNUSED_FUNCTION = YES;
				GCC_WARN_UNUSED_VARIABLE = YES;
				IPHONEOS_DEPLOYMENT_TARGET = 12.1;
				MTL_ENABLE_DEBUG_INFO = INCLUDE_SOURCE;
				MTL_FAST_MATH = YES;
				ONLY_ACTIVE_ARCH = YES;
				SDKROOT = iphoneos;
			};
			name = Debug;
		};
		A2FA39D921E6EDC600360258 /* Release */ = {
			isa = XCBuildConfiguration;
			buildSettings = {
				ALWAYS_SEARCH_USER_PATHS = NO;
				CLANG_ANALYZER_NONNULL = YES;
				CLANG_ANALYZER_NUMBER_OBJECT_CONVERSION = YES_AGGRESSIVE;
				CLANG_CXX_LANGUAGE_STANDARD = "gnu++14";
				CLANG_CXX_LIBRARY = "libc++";
				CLANG_ENABLE_MODULES = YES;
				CLANG_ENABLE_OBJC_ARC = YES;
				CLANG_ENABLE_OBJC_WEAK = YES;
				CLANG_WARN_BLOCK_CAPTURE_AUTORELEASING = YES;
				CLANG_WARN_BOOL_CONVERSION = YES;
				CLANG_WARN_COMMA = YES;
				CLANG_WARN_CONSTANT_CONVERSION = YES;
				CLANG_WARN_DEPRECATED_OBJC_IMPLEMENTATIONS = YES;
				CLANG_WARN_DIRECT_OBJC_ISA_USAGE = YES_ERROR;
				CLANG_WARN_DOCUMENTATION_COMMENTS = YES;
				CLANG_WARN_EMPTY_BODY = YES;
				CLANG_WARN_ENUM_CONVERSION = YES;
				CLANG_WARN_INFINITE_RECURSION = YES;
				CLANG_WARN_INT_CONVERSION = YES;
				CLANG_WARN_NON_LITERAL_NULL_CONVERSION = YES;
				CLANG_WARN_OBJC_IMPLICIT_RETAIN_SELF = YES;
				CLANG_WARN_OBJC_LITERAL_CONVERSION = YES;
				CLANG_WARN_OBJC_ROOT_CLASS = YES_ERROR;
				CLANG_WARN_RANGE_LOOP_ANALYSIS = YES;
				CLANG_WARN_STRICT_PROTOTYPES = YES;
				CLANG_WARN_SUSPICIOUS_MOVE = YES;
				CLANG_WARN_UNGUARDED_AVAILABILITY = YES_AGGRESSIVE;
				CLANG_WARN_UNREACHABLE_CODE = YES;
				CLANG_WARN__DUPLICATE_METHOD_MATCH = YES;
				CODE_SIGN_IDENTITY = "iPhone Developer";
				COPY_PHASE_STRIP = NO;
				DEBUG_INFORMATION_FORMAT = "dwarf-with-dsym";
				ENABLE_NS_ASSERTIONS = NO;
				ENABLE_STRICT_OBJC_MSGSEND = YES;
				GCC_C_LANGUAGE_STANDARD = gnu11;
				GCC_NO_COMMON_BLOCKS = YES;
				GCC_WARN_64_TO_32_BIT_CONVERSION = YES;
				GCC_WARN_ABOUT_RETURN_TYPE = YES_ERROR;
				GCC_WARN_UNDECLARED_SELECTOR = YES;
				GCC_WARN_UNINITIALIZED_AUTOS = YES_AGGRESSIVE;
				GCC_WARN_UNUSED_FUNCTION = YES;
				GCC_WARN_UNUSED_VARIABLE = YES;
				IPHONEOS_DEPLOYMENT_TARGET = 12.1;
				MTL_ENABLE_DEBUG_INFO = NO;
				MTL_FAST_MATH = YES;
				SDKROOT = iphoneos;
				VALIDATE_PRODUCT = YES;
			};
			name = Release;
		};
		A2FA39DB21E6EDC600360258 /* Debug */ = {
			isa = XCBuildConfiguration;
			baseConfigurationReference = 1349B4BB0B0C1BAE3CC417D0 /* Pods-testRro.debug.xcconfig */;
			buildSettings = {
				ASSETCATALOG_COMPILER_APPICON_NAME = AppIcon;
				CODE_SIGN_STYLE = Automatic;
				INFOPLIST_FILE = testRro/Info.plist;
				LD_RUNPATH_SEARCH_PATHS = (
					"$(inherited)",
					"@executable_path/Frameworks",
				);
				PRODUCT_BUNDLE_IDENTIFIER = ddd.testRro;
				PRODUCT_NAME = "$(TARGET_NAME)";
				TARGETED_DEVICE_FAMILY = "1,2";
			};
			name = Debug;
		};
		A2FA39DC21E6EDC600360258 /* Release */ = {
			isa = XCBuildConfiguration;
			baseConfigurationReference = EC905903E835B2D060ACB307 /* Pods-testRro.release.xcconfig */;
			buildSettings = {
				ASSETCATALOG_COMPILER_APPICON_NAME = AppIcon;
				CODE_SIGN_STYLE = Automatic;
				INFOPLIST_FILE = testRro/Info.plist;
				LD_RUNPATH_SEARCH_PATHS = (
					"$(inherited)",
					"@executable_path/Frameworks",
				);
				PRODUCT_BUNDLE_IDENTIFIER = ddd.testRro;
				PRODUCT_NAME = "$(TARGET_NAME)";
				TARGETED_DEVICE_FAMILY = "1,2";
			};
			name = Release;
		};
		A2FA39DE21E6EDC600360258 /* Debug */ = {
			isa = XCBuildConfiguration;
			baseConfigurationReference = BBAF21E8644AF9F602E0F788 /* Pods-testRroTests.debug.xcconfig */;
			buildSettings = {
				BUNDLE_LOADER = "$(TEST_HOST)";
				CODE_SIGN_STYLE = Automatic;
				INFOPLIST_FILE = testRroTests/Info.plist;
				LD_RUNPATH_SEARCH_PATHS = (
					"$(inherited)",
					"@executable_path/Frameworks",
					"@loader_path/Frameworks",
				);
				PRODUCT_BUNDLE_IDENTIFIER = ddd.testRroTests;
				PRODUCT_NAME = "$(TARGET_NAME)";
				TARGETED_DEVICE_FAMILY = "1,2";
				TEST_HOST = "$(BUILT_PRODUCTS_DIR)/testRro.app/testRro";
			};
			name = Debug;
		};
		A2FA39DF21E6EDC600360258 /* Release */ = {
			isa = XCBuildConfiguration;
			baseConfigurationReference = E6C3741B8B7E29002EE48E18 /* Pods-testRroTests.release.xcconfig */;
			buildSettings = {
				BUNDLE_LOADER = "$(TEST_HOST)";
				CODE_SIGN_STYLE = Automatic;
				INFOPLIST_FILE = testRroTests/Info.plist;
				LD_RUNPATH_SEARCH_PATHS = (
					"$(inherited)",
					"@executable_path/Frameworks",
					"@loader_path/Frameworks",
				);
				PRODUCT_BUNDLE_IDENTIFIER = ddd.testRroTests;
				PRODUCT_NAME = "$(TARGET_NAME)";
				TARGETED_DEVICE_FAMILY = "1,2";
				TEST_HOST = "$(BUILT_PRODUCTS_DIR)/testRro.app/testRro";
			};
			name = Release;
		};
		A2FA39E121E6EDC600360258 /* Debug */ = {
			isa = XCBuildConfiguration;
			baseConfigurationReference = 48DFB357AE36106082BB9DBF /* Pods-testRroUITests.debug.xcconfig */;
			buildSettings = {
				CODE_SIGN_STYLE = Automatic;
				INFOPLIST_FILE = testRroUITests/Info.plist;
				LD_RUNPATH_SEARCH_PATHS = (
					"$(inherited)",
					"@executable_path/Frameworks",
					"@loader_path/Frameworks",
				);
				PRODUCT_BUNDLE_IDENTIFIER = ddd.testRroUITests;
				PRODUCT_NAME = "$(TARGET_NAME)";
				TARGETED_DEVICE_FAMILY = "1,2";
				TEST_TARGET_NAME = testRro;
			};
			name = Debug;
		};
		A2FA39E221E6EDC600360258 /* Release */ = {
			isa = XCBuildConfiguration;
			baseConfigurationReference = BC7807CBB61E8A03EBABC14C /* Pods-testRroUITests.release.xcconfig */;
			buildSettings = {
				CODE_SIGN_STYLE = Automatic;
				INFOPLIST_FILE = testRroUITests/Info.plist;
				LD_RUNPATH_SEARCH_PATHS = (
					"$(inherited)",
					"@executable_path/Frameworks",
					"@loader_path/Frameworks",
				);
				PRODUCT_BUNDLE_IDENTIFIER = ddd.testRroUITests;
				PRODUCT_NAME = "$(TARGET_NAME)";
				TARGETED_DEVICE_FAMILY = "1,2";
				TEST_TARGET_NAME = testRro;
			};
			name = Release;
		};
/* End XCBuildConfiguration section */

/* Begin XCConfigurationList section */
		A2FA39A921E6EDC500360258 /* Build configuration list for PBXProject "testRro" */ = {
			isa = XCConfigurationList;
			buildConfigurations = (
				A2FA39D821E6EDC600360258 /* Debug */,
				A2FA39D921E6EDC600360258 /* Release */,
			);
			defaultConfigurationIsVisible = 0;
			defaultConfigurationName = Release;
		};
		A2FA39DA21E6EDC600360258 /* Build configuration list for PBXNativeTarget "testRro" */ = {
			isa = XCConfigurationList;
			buildConfigurations = (
				A2FA39DB21E6EDC600360258 /* Debug */,
				A2FA39DC21E6EDC600360258 /* Release */,
			);
			defaultConfigurationIsVisible = 0;
			defaultConfigurationName = Release;
		};
		A2FA39DD21E6EDC600360258 /* Build configuration list for PBXNativeTarget "testRroTests" */ = {
			isa = XCConfigurationList;
			buildConfigurations = (
				A2FA39DE21E6EDC600360258 /* Debug */,
				A2FA39DF21E6EDC600360258 /* Release */,
			);
			defaultConfigurationIsVisible = 0;
			defaultConfigurationName = Release;
		};
		A2FA39E021E6EDC600360258 /* Build configuration list for PBXNativeTarget "testRroUITests" */ = {
			isa = XCConfigurationList;
			buildConfigurations = (
				A2FA39E121E6EDC600360258 /* Debug */,
				A2FA39E221E6EDC600360258 /* Release */,
			);
			defaultConfigurationIsVisible = 0;
			defaultConfigurationName = Release;
		};
/* End XCConfigurationList section */
	};
	rootObject = A2FA39A621E6EDC500360258 /* Project object */;
}
